<?xml version="1.0" encoding="utf-8"?>
<Project ToolsVersion="4.0" xmlns="http://schemas.microsoft.com/developer/msbuild/2003">
  <ItemGroup>
    <Filter Include="소스 파일">
      <UniqueIdentifier>{4FC737F1-C7A5-4376-A066-2A32D752A2FF}</UniqueIdentifier>
      <Extensions>cpp;c;cc;cxx;c++;cppm;ixx;def;odl;idl;hpj;bat;asm;asmx</Extensions>
    </Filter>
    <Filter Include="헤더 파일">
      <UniqueIdentifier>{93995380-89BD-4b04-88EB-625FBE52EBFB}</UniqueIdentifier>
      <Extensions>h;hh;hpp;hxx;h++;hm;inl;inc;ipp;xsd</Extensions>
    </Filter>
    <Filter Include="리소스 파일">
      <UniqueIdentifier>{67DA6AB6-F800-4c08-8B7A-83BB121AAD01}</UniqueIdentifier>
      <Extensions>rc;ico;cur;bmp;dlg;rc2;rct;bin;rgs;gif;jpg;jpeg;jpe;resx;tiff;tif;png;wav;mfcribbon-ms</Extensions>
    </Filter>
    <Filter Include="헤더 파일\MWEngineHigh">
      <UniqueIdentifier>{036380e4-df65-4914-8ad2-c8712b87f558}</UniqueIdentifier>
    </Filter>
    <Filter Include="헤더 파일\MWEngineLow">
      <UniqueIdentifier>{68a93099-79bb-4fc9-8b06-66e0b65120ec}</UniqueIdentifier>
    </Filter>
    <Filter Include="헤더 파일\Game">
      <UniqueIdentifier>{687aaea4-d98f-4961-8e6d-edc72a71e29b}</UniqueIdentifier>
    </Filter>
    <Filter Include="헤더 파일\MWEngineLow\ObjLoader">
      <UniqueIdentifier>{07f13df7-c82d-43e5-99d2-26c9a8300054}</UniqueIdentifier>
    </Filter>
  </ItemGroup>
  <ItemGroup>
    <ClInclude Include="include\AABB.h">
      <Filter>헤더 파일\MWEngineLow</Filter>
    </ClInclude>
    <ClInclude Include="include\bitmap.h">
      <Filter>헤더 파일\MWEngineLow</Filter>
    </ClInclude>
    <ClInclude Include="include\camera.h">
      <Filter>헤더 파일\MWEngineLow</Filter>
    </ClInclude>
    <ClInclude Include="include\collision.h">
      <Filter>헤더 파일\MWEngineLow</Filter>
    </ClInclude>
    <ClInclude Include="include\coord.h">
      <Filter>헤더 파일\MWEngineLow</Filter>
    </ClInclude>
    <ClInclude Include="include\glbase.h">
      <Filter>헤더 파일\MWEngineLow</Filter>
    </ClInclude>
    <ClInclude Include="include\glincludes.h">
      <Filter>헤더 파일\MWEngineLow</Filter>
    </ClInclude>
    <ClInclude Include="include\myrandom.h">
      <Filter>헤더 파일\MWEngineLow</Filter>
    </ClInclude>
    <ClInclude Include="include\OBB.h">
      <Filter>헤더 파일\MWEngineLow</Filter>
    </ClInclude>
    <ClInclude Include="include\ordinal.h">
      <Filter>헤더 파일\MWEngineLow</Filter>
    </ClInclude>
    <ClInclude Include="include\physics.h">
      <Filter>헤더 파일\MWEngineLow</Filter>
    </ClInclude>
    <ClInclude Include="include\pool.h">
      <Filter>헤더 파일\MWEngineLow</Filter>
    </ClInclude>
    <ClInclude Include="include\quaternion_rotate.h">
      <Filter>헤더 파일\MWEngineLow</Filter>
    </ClInclude>
    <ClInclude Include="include\screen.h">
      <Filter>헤더 파일\MWEngineLow</Filter>
    </ClInclude>
    <ClInclude Include="include\shader.h">
      <Filter>헤더 파일\MWEngineLow</Filter>
    </ClInclude>
    <ClInclude Include="include\texture.h">
      <Filter>헤더 파일\MWEngineLow</Filter>
    </ClInclude>
    <ClInclude Include="include\TMP.h">
      <Filter>헤더 파일\MWEngineLow</Filter>
    </ClInclude>
    <ClInclude Include="include\scene.h">
      <Filter>헤더 파일\MWEngineHigh</Filter>
    </ClInclude>
    <ClInclude Include="include\timer.h">
      <Filter>헤더 파일\MWEngineHigh</Filter>
    </ClInclude>
    <ClInclude Include="include\MWEngineLow.h">
      <Filter>헤더 파일\MWEngineLow</Filter>
    </ClInclude>
    <ClInclude Include="include\behavior_tree.h">
      <Filter>헤더 파일\MWEngineHigh</Filter>
    </ClInclude>
    <ClInclude Include="include\IDSystem.h">
      <Filter>헤더 파일\MWEngineLow</Filter>
    </ClInclude>
    <ClInclude Include="include\game.h">
      <Filter>헤더 파일\MWEngineHigh</Filter>
    </ClInclude>
    <ClInclude Include="include\sound.h">
      <Filter>헤더 파일\MWEngineHigh</Filter>
    </ClInclude>
    <ClInclude Include="include\GameNodeGuide.h">
      <Filter>헤더 파일\Game</Filter>
    </ClInclude>
    <ClInclude Include="include\fileread.h">
      <Filter>헤더 파일\MWEngineLow</Filter>
    </ClInclude>
    <ClInclude Include="include\pointer.h">
      <Filter>헤더 파일\MWEngineLow</Filter>
    </ClInclude>
    <ClInclude Include="include\CClass.h">
      <Filter>헤더 파일\MWEngineLow</Filter>
    </ClInclude>
    <ClInclude Include="include\region.h">
      <Filter>헤더 파일\MWEngineHigh</Filter>
    </ClInclude>
    <ClInclude Include="include\gameobject.h">
      <Filter>헤더 파일\MWEngineHigh</Filter>
    </ClInclude>
    <ClInclude Include="include\indent.h">
      <Filter>헤더 파일\MWEngineLow</Filter>
    </ClInclude>
    <ClInclude Include="include\BBshader.h">
      <Filter>헤더 파일\MWEngineLow</Filter>
    </ClInclude>
    <ClInclude Include="include\BBBase.h">
      <Filter>헤더 파일\MWEngineLow</Filter>
    </ClInclude>
    <ClInclude Include="include\GameNode.h">
      <Filter>헤더 파일\Game</Filter>
    </ClInclude>
    <ClInclude Include="include\logo_scene.h">
      <Filter>헤더 파일\Game</Filter>
    </ClInclude>
    <ClInclude Include="include\GameShader.h">
      <Filter>헤더 파일\Game</Filter>
    </ClInclude>
    <ClInclude Include="include\Billboard.h">
      <Filter>헤더 파일\Game</Filter>
    </ClInclude>
    <ClInclude Include="include\Light.h">
      <Filter>헤더 파일\Game</Filter>
    </ClInclude>
    <ClInclude Include="include\title_scene.h">
      <Filter>헤더 파일\Game</Filter>
    </ClInclude>
    <ClInclude Include="OBJ-Loader-master\OBJ-Loader-master\Source\OBJ_Loader.h">
      <Filter>헤더 파일\MWEngineLow\ObjLoader</Filter>
    </ClInclude>
    <ClInclude Include="include\TitleSpace.h">
      <Filter>헤더 파일\Game</Filter>
    </ClInclude>
    <ClInclude Include="include\battle_scene.h">
      <Filter>헤더 파일\Game</Filter>
    </ClInclude>
  </ItemGroup>
  <ItemGroup>
    <ClCompile Include="GameSource.cpp">
      <Filter>소스 파일</Filter>
    </ClCompile>
    <ClCompile Include="OBJ-Loader-master\OBJ-Loader-master\examples\1 - LoadAndPrint\e1_loadandprint.cpp">
      <Filter>소스 파일</Filter>
    </ClCompile>
  </ItemGroup>
</Project>